
Microsoft Visual Studio Solution File, Format Version 12.00
# Visual Studio Version 17
VisualStudioVersion = 17.9.34728.123
MinimumVisualStudioVersion = 10.0.40219.1
Project("{9A19103F-16F7-4668-BE54-9A1E7A4F7556}") = "Massive-ECS", "Runtime\Massive-ECS.csproj", "{BD267862-0EEB-4723-833D-D55D2CC62E80}"
EndProject
Project("{9A19103F-16F7-4668-BE54-9A1E7A4F7556}") = "ShooterSample", "Samples\Shooter\ShooterSample.csproj", "{0528EC61-3E61-4680-8CAB-1198A4704B43}"
EndProject
Project("{2150E333-8FDC-42A3-9474-1A3956D46DE8}") = "Samples", "Samples", "{6DBB9941-3803-4A1C-BD5B-A50A17093DC0}"
EndProject
Project("{9A19103F-16F7-4668-BE54-9A1E7A4F7556}") = "BasicSample", "Samples\Basic\BasicSample.csproj", "{D7C1226E-C888-4021-994E-E392807705CD}"
EndProject
Project("{9A19103F-16F7-4668-BE54-9A1E7A4F7556}") = "Tests", "Tests\Tests.csproj", "{AD29869E-45D0-47A4-80EC-2B436325A5A0}"
EndProject
Global
	GlobalSection(SolutionConfigurationPlatforms) = preSolution
		Debug|Any CPU = Debug|Any CPU
		Release|Any CPU = Release|Any CPU
	EndGlobalSection
	GlobalSection(ProjectConfigurationPlatforms) = postSolution
		{BD267862-0EEB-4723-833D-D55D2CC62E80}.Debug|Any CPU.ActiveCfg = Debug|Any CPU
		{BD267862-0EEB-4723-833D-D55D2CC62E80}.Debug|Any CPU.Build.0 = Debug|Any CPU
		{BD267862-0EEB-4723-833D-D55D2CC62E80}.Release|Any CPU.ActiveCfg = Release|Any CPU
		{BD267862-0EEB-4723-833D-D55D2CC62E80}.Release|Any CPU.Build.0 = Release|Any CPU
		{0528EC61-3E61-4680-8CAB-1198A4704B43}.Debug|Any CPU.ActiveCfg = Debug|Any CPU
		{0528EC61-3E61-4680-8CAB-1198A4704B43}.Debug|Any CPU.Build.0 = Debug|Any CPU
		{0528EC61-3E61-4680-8CAB-1198A4704B43}.Release|Any CPU.ActiveCfg = Release|Any CPU
		{0528EC61-3E61-4680-8CAB-1198A4704B43}.Release|Any CPU.Build.0 = Release|Any CPU
		{D7C1226E-C888-4021-994E-E392807705CD}.Debug|Any CPU.ActiveCfg = Debug|Any CPU
		{D7C1226E-C888-4021-994E-E392807705CD}.Debug|Any CPU.Build.0 = Debug|Any CPU
		{D7C1226E-C888-4021-994E-E392807705CD}.Release|Any CPU.ActiveCfg = Release|Any CPU
		{D7C1226E-C888-4021-994E-E392807705CD}.Release|Any CPU.Build.0 = Release|Any CPU
		{AD29869E-45D0-47A4-80EC-2B436325A5A0}.Debug|Any CPU.ActiveCfg = Debug|Any CPU
		{AD29869E-45D0-47A4-80EC-2B436325A5A0}.Debug|Any CPU.Build.0 = Debug|Any CPU
		{AD29869E-45D0-47A4-80EC-2B436325A5A0}.Release|Any CPU.ActiveCfg = Release|Any CPU
		{AD29869E-45D0-47A4-80EC-2B436325A5A0}.Release|Any CPU.Build.0 = Release|Any CPU
	EndGlobalSection
	GlobalSection(SolutionProperties) = preSolution
		HideSolutionNode = FALSE
	EndGlobalSection
	GlobalSection(NestedProjects) = preSolution
		{0528EC61-3E61-4680-8CAB-1198A4704B43} = {6DBB9941-3803-4A1C-BD5B-A50A17093DC0}
		{D7C1226E-C888-4021-994E-E392807705CD} = {6DBB9941-3803-4A1C-BD5B-A50A17093DC0}
	EndGlobalSection
	GlobalSection(ExtensibilityGlobals) = postSolution
		SolutionGuid = {5FE6EDA3-6EAD-43CA-892A-259CAA4F37B8}
	EndGlobalSection
EndGlobal
